// !$*UTF8*$!
{
	archiveVersion = 1;
	classes = {
	};
	objectVersion = 46;
	objects = {

/* Begin PBXBuildFile section */
		F02AC62B1BEB2BB700317436 /* AppDelegate.swift in Sources */ = {isa = PBXBuildFile; fileRef = F02AC6251BEB2BB700317436 /* AppDelegate.swift */; };
		F02AC62C1BEB2BB700317436 /* Assets.xcassets in Resources */ = {isa = PBXBuildFile; fileRef = F02AC6261BEB2BB700317436 /* Assets.xcassets */; };
		F02AC6301BEB2BB700317436 /* ViewController.swift in Sources */ = {isa = PBXBuildFile; fileRef = F02AC62A1BEB2BB700317436 /* ViewController.swift */; };
		F02AC6331BEB2C1400317436 /* Main.storyboard in Resources */ = {isa = PBXBuildFile; fileRef = F02AC6311BEB2C1400317436 /* Main.storyboard */; };
		F02AC6471BEB497B00317436 /* OauthViewController.swift in Sources */ = {isa = PBXBuildFile; fileRef = F02AC6461BEB497B00317436 /* OauthViewController.swift */; };
		F02F37641BEC1E0B0087F7F5 /* Fabric.framework in Frameworks */ = {isa = PBXBuildFile; fileRef = F02F37631BEC1E0B0087F7F5 /* Fabric.framework */; };
		F02F376F1BED6A780087F7F5 /* Crashlytics.framework in Frameworks */ = {isa = PBXBuildFile; fileRef = F02F376E1BED6A780087F7F5 /* Crashlytics.framework */; };
		F02FFAD41C1206EB006E6B9F /* ActionExtension-Assets.xcassets in Resources */ = {isa = PBXBuildFile; fileRef = F02FFAD31C1206EB006E6B9F /* ActionExtension-Assets.xcassets */; };
		F04E905F1BEB58080095CC03 /* OAuthSwift.framework in Frameworks */ = {isa = PBXBuildFile; fileRef = F04E90571BEB57E10095CC03 /* OAuthSwift.framework */; };
		F04E90601BEB58080095CC03 /* OAuthSwift.framework in Embed Frameworks */ = {isa = PBXBuildFile; fileRef = F04E90571BEB57E10095CC03 /* OAuthSwift.framework */; settings = {ATTRIBUTES = (CodeSignOnCopy, RemoveHeadersOnCopy, ); }; };
		F04E90641BEB66130095CC03 /* Launch Screen.storyboard in Resources */ = {isa = PBXBuildFile; fileRef = F04E90631BEB66130095CC03 /* Launch Screen.storyboard */; };
		F06D01821C11620800BD7784 /* ActionRequestHandler.swift in Sources */ = {isa = PBXBuildFile; fileRef = F06D01811C11620800BD7784 /* ActionRequestHandler.swift */; };
		F06D01841C11620800BD7784 /* Action.js in Resources */ = {isa = PBXBuildFile; fileRef = F06D01831C11620800BD7784 /* Action.js */; };
		F06D01881C11620800BD7784 /* ActionExtension.appex in Embed App Extensions */ = {isa = PBXBuildFile; fileRef = F06D017F1C11620800BD7784 /* ActionExtension.appex */; settings = {ATTRIBUTES = (RemoveHeadersOnCopy, ); }; };
		F06D018F1C1164C300BD7784 /* OneChannelKit.framework in Frameworks */ = {isa = PBXBuildFile; fileRef = F0AE57251C10C14A00AFDD24 /* OneChannelKit.framework */; };
		F06D01911C11661100BD7784 /* ShareViewController.swift in Sources */ = {isa = PBXBuildFile; fileRef = F06D01901C11661100BD7784 /* ShareViewController.swift */; };
		F06D01951C11662400BD7784 /* ShareExtension.entitlements in Resources */ = {isa = PBXBuildFile; fileRef = F06D01941C11662400BD7784 /* ShareExtension.entitlements */; };
		F06D01991C116FA200BD7784 /* MainInterface.storyboard in Resources */ = {isa = PBXBuildFile; fileRef = F06D01971C116FA200BD7784 /* MainInterface.storyboard */; };
		F0AE57131C10B71100AFDD24 /* ShareExtension.appex in Embed App Extensions */ = {isa = PBXBuildFile; fileRef = F0AE57091C10B71100AFDD24 /* ShareExtension.appex */; settings = {ATTRIBUTES = (RemoveHeadersOnCopy, ); }; };
		F0AE57281C10C14A00AFDD24 /* OneChannelKit.h in Headers */ = {isa = PBXBuildFile; fileRef = F0AE57271C10C14A00AFDD24 /* OneChannelKit.h */; settings = {ATTRIBUTES = (Public, ); }; };
		F0AE572C1C10C14A00AFDD24 /* OneChannelKit.framework in Frameworks */ = {isa = PBXBuildFile; fileRef = F0AE57251C10C14A00AFDD24 /* OneChannelKit.framework */; };
		F0AE572D1C10C14A00AFDD24 /* OneChannelKit.framework in Embed Frameworks */ = {isa = PBXBuildFile; fileRef = F0AE57251C10C14A00AFDD24 /* OneChannelKit.framework */; settings = {ATTRIBUTES = (CodeSignOnCopy, RemoveHeadersOnCopy, ); }; };
		F0AE57311C10C16D00AFDD24 /* EnumsAndKeys.swift in Sources */ = {isa = PBXBuildFile; fileRef = F0AE571E1C10BB9A00AFDD24 /* EnumsAndKeys.swift */; };
		F0AE57321C10C16D00AFDD24 /* OneChannelPoster.swift in Sources */ = {isa = PBXBuildFile; fileRef = F0AE571C1C10BA2700AFDD24 /* OneChannelPoster.swift */; };
		F0AE57331C10C16D00AFDD24 /* Settings.swift in Sources */ = {isa = PBXBuildFile; fileRef = F02AC6271BEB2BB700317436 /* Settings.swift */; };
		F0AE573D1C10DEDC00AFDD24 /* OneChannelKit.framework in Frameworks */ = {isa = PBXBuildFile; fileRef = F0AE57251C10C14A00AFDD24 /* OneChannelKit.framework */; };
		F0AE573F1C10E37900AFDD24 /* UIColor+OneChannel.swift in Sources */ = {isa = PBXBuildFile; fileRef = F02AC6281BEB2BB700317436 /* UIColor+OneChannel.swift */; };
		F0AE57411C10F46200AFDD24 /* Utils.swift in Sources */ = {isa = PBXBuildFile; fileRef = F02AC6291BEB2BB700317436 /* Utils.swift */; };
		F0D800831C2B94CE003AEFE0 /* Crashlytics.framework in Frameworks */ = {isa = PBXBuildFile; fileRef = F02F376E1BED6A780087F7F5 /* Crashlytics.framework */; };
		F0D800841C2B94D2003AEFE0 /* Crashlytics.framework in Frameworks */ = {isa = PBXBuildFile; fileRef = F02F376E1BED6A780087F7F5 /* Crashlytics.framework */; };
		F0D800851C2B95C4003AEFE0 /* Crashlytics.framework in Frameworks */ = {isa = PBXBuildFile; fileRef = F02F376E1BED6A780087F7F5 /* Crashlytics.framework */; };
		F0D800861C2C5E40003AEFE0 /* Fabric.framework in Frameworks */ = {isa = PBXBuildFile; fileRef = F02F37631BEC1E0B0087F7F5 /* Fabric.framework */; };
		F0D800871C2C5E70003AEFE0 /* Fabric.framework in Frameworks */ = {isa = PBXBuildFile; fileRef = F02F37631BEC1E0B0087F7F5 /* Fabric.framework */; };
		F0D800881C2C5E78003AEFE0 /* Fabric.framework in Frameworks */ = {isa = PBXBuildFile; fileRef = F02F37631BEC1E0B0087F7F5 /* Fabric.framework */; };
		F0DAF15F1C3E4A9A0083964B /* release.md in Sources */ = {isa = PBXBuildFile; fileRef = F0DAF15E1C3E4A9A0083964B /* release.md */; };
/* End PBXBuildFile section */

/* Begin PBXContainerItemProxy section */
		F04E90541BEB57E10095CC03 /* PBXContainerItemProxy */ = {
			isa = PBXContainerItemProxy;
			containerPortal = F04E904D1BEB57E10095CC03 /* OAuthSwift.xcodeproj */;
			proxyType = 2;
			remoteGlobalIDString = F451E3C5195B8CD80051434C;
			remoteInfo = OAuthSwiftDemo;
		};
		F04E90561BEB57E10095CC03 /* PBXContainerItemProxy */ = {
			isa = PBXContainerItemProxy;
			containerPortal = F04E904D1BEB57E10095CC03 /* OAuthSwift.xcodeproj */;
			proxyType = 2;
			remoteGlobalIDString = F435027A1A6791B200038A29;
			remoteInfo = OAuthSwift;
		};
		F04E90581BEB57E10095CC03 /* PBXContainerItemProxy */ = {
			isa = PBXContainerItemProxy;
			containerPortal = F04E904D1BEB57E10095CC03 /* OAuthSwift.xcodeproj */;
			proxyType = 2;
			remoteGlobalIDString = C49FD5241AFB5DF500791E1A;
			remoteInfo = OAuthSwiftOSXDemo;
		};
		F04E905A1BEB57E10095CC03 /* PBXContainerItemProxy */ = {
			isa = PBXContainerItemProxy;
			containerPortal = F04E904D1BEB57E10095CC03 /* OAuthSwift.xcodeproj */;
			proxyType = 2;
			remoteGlobalIDString = C48B28021AFA598D00C7DEF6;
			remoteInfo = OAuthSwiftOSX;
		};
		F04E905C1BEB57F10095CC03 /* PBXContainerItemProxy */ = {
			isa = PBXContainerItemProxy;
			containerPortal = F04E904D1BEB57E10095CC03 /* OAuthSwift.xcodeproj */;
			proxyType = 1;
			remoteGlobalIDString = F43502791A6791B200038A29;
			remoteInfo = OAuthSwift;
		};
		F04E90611BEB58080095CC03 /* PBXContainerItemProxy */ = {
			isa = PBXContainerItemProxy;
			containerPortal = F04E904D1BEB57E10095CC03 /* OAuthSwift.xcodeproj */;
			proxyType = 1;
			remoteGlobalIDString = F43502791A6791B200038A29;
			remoteInfo = OAuthSwift;
		};
		F06D01861C11620800BD7784 /* PBXContainerItemProxy */ = {
			isa = PBXContainerItemProxy;
			containerPortal = F02AC6081BEB2B6800317436 /* Project object */;
			proxyType = 1;
			remoteGlobalIDString = F06D017E1C11620800BD7784;
			remoteInfo = ActionExtension;
		};
		F0AE57111C10B71100AFDD24 /* PBXContainerItemProxy */ = {
			isa = PBXContainerItemProxy;
			containerPortal = F02AC6081BEB2B6800317436 /* Project object */;
			proxyType = 1;
			remoteGlobalIDString = F0AE57081C10B71100AFDD24;
			remoteInfo = LightningPost;
		};
		F0AE572A1C10C14A00AFDD24 /* PBXContainerItemProxy */ = {
			isa = PBXContainerItemProxy;
			containerPortal = F02AC6081BEB2B6800317436 /* Project object */;
			proxyType = 1;
			remoteGlobalIDString = F0AE57241C10C14A00AFDD24;
			remoteInfo = OneChannelKit;
		};
/* End PBXContainerItemProxy section */

/* Begin PBXCopyFilesBuildPhase section */
		F0321D1E1BEB563A0075F9A2 /* Embed Frameworks */ = {
			isa = PBXCopyFilesBuildPhase;
			buildActionMask = 2147483647;
			dstPath = "";
			dstSubfolderSpec = 10;
			files = (
				F0AE572D1C10C14A00AFDD24 /* OneChannelKit.framework in Embed Frameworks */,
				F04E90601BEB58080095CC03 /* OAuthSwift.framework in Embed Frameworks */,
			);
			name = "Embed Frameworks";
			runOnlyForDeploymentPostprocessing = 0;
		};
		F0AE571A1C10B71100AFDD24 /* Embed App Extensions */ = {
			isa = PBXCopyFilesBuildPhase;
			buildActionMask = 2147483647;
			dstPath = "";
			dstSubfolderSpec = 13;
			files = (
				F06D01881C11620800BD7784 /* ActionExtension.appex in Embed App Extensions */,
				F0AE57131C10B71100AFDD24 /* ShareExtension.appex in Embed App Extensions */,
			);
			name = "Embed App Extensions";
			runOnlyForDeploymentPostprocessing = 0;
		};
/* End PBXCopyFilesBuildPhase section */

/* Begin PBXFileReference section */
		F02AC6101BEB2B6800317436 /* OneChannel.app */ = {isa = PBXFileReference; explicitFileType = wrapper.application; includeInIndex = 0; path = OneChannel.app; sourceTree = BUILT_PRODUCTS_DIR; };
		F02AC61F1BEB2B6800317436 /* Info.plist */ = {isa = PBXFileReference; lastKnownFileType = text.plist.xml; path = Info.plist; sourceTree = "<group>"; };
		F02AC6251BEB2BB700317436 /* AppDelegate.swift */ = {isa = PBXFileReference; fileEncoding = 4; lastKnownFileType = sourcecode.swift; path = AppDelegate.swift; sourceTree = "<group>"; };
		F02AC6261BEB2BB700317436 /* Assets.xcassets */ = {isa = PBXFileReference; lastKnownFileType = folder.assetcatalog; path = Assets.xcassets; sourceTree = "<group>"; };
		F02AC6271BEB2BB700317436 /* Settings.swift */ = {isa = PBXFileReference; fileEncoding = 4; lastKnownFileType = sourcecode.swift; name = Settings.swift; path = ../OneChannel/Settings.swift; sourceTree = "<group>"; };
		F02AC6281BEB2BB700317436 /* UIColor+OneChannel.swift */ = {isa = PBXFileReference; fileEncoding = 4; lastKnownFileType = sourcecode.swift; path = "UIColor+OneChannel.swift"; sourceTree = "<group>"; };
		F02AC6291BEB2BB700317436 /* Utils.swift */ = {isa = PBXFileReference; fileEncoding = 4; lastKnownFileType = sourcecode.swift; path = Utils.swift; sourceTree = "<group>"; };
		F02AC62A1BEB2BB700317436 /* ViewController.swift */ = {isa = PBXFileReference; fileEncoding = 4; lastKnownFileType = sourcecode.swift; path = ViewController.swift; sourceTree = "<group>"; };
		F02AC6321BEB2C1400317436 /* Base */ = {isa = PBXFileReference; lastKnownFileType = file.storyboard; name = Base; path = Base.lproj/Main.storyboard; sourceTree = "<group>"; };
		F02AC6461BEB497B00317436 /* OauthViewController.swift */ = {isa = PBXFileReference; fileEncoding = 4; lastKnownFileType = sourcecode.swift; path = OauthViewController.swift; sourceTree = "<group>"; };
		F02F37631BEC1E0B0087F7F5 /* Fabric.framework */ = {isa = PBXFileReference; lastKnownFileType = wrapper.framework; name = Fabric.framework; path = "OAuthSwift-0.4.6/Fabric.framework"; sourceTree = "<group>"; };
		F02F376E1BED6A780087F7F5 /* Crashlytics.framework */ = {isa = PBXFileReference; lastKnownFileType = wrapper.framework; name = Crashlytics.framework; path = Vendor/Crashlytics.framework; sourceTree = SOURCE_ROOT; };
		F02FFAD31C1206EB006E6B9F /* ActionExtension-Assets.xcassets */ = {isa = PBXFileReference; lastKnownFileType = folder.assetcatalog; path = "ActionExtension-Assets.xcassets"; sourceTree = "<group>"; };
		F04E904D1BEB57E10095CC03 /* OAuthSwift.xcodeproj */ = {isa = PBXFileReference; lastKnownFileType = "wrapper.pb-project"; name = OAuthSwift.xcodeproj; path = "OAuthSwift-0.4.6/OAuthSwift.xcodeproj"; sourceTree = "<group>"; };
		F04E90631BEB66130095CC03 /* Launch Screen.storyboard */ = {isa = PBXFileReference; fileEncoding = 4; lastKnownFileType = file.storyboard; path = "Launch Screen.storyboard"; sourceTree = "<group>"; };
		F06D017F1C11620800BD7784 /* ActionExtension.appex */ = {isa = PBXFileReference; explicitFileType = "wrapper.app-extension"; includeInIndex = 0; path = ActionExtension.appex; sourceTree = BUILT_PRODUCTS_DIR; };
		F06D01811C11620800BD7784 /* ActionRequestHandler.swift */ = {isa = PBXFileReference; lastKnownFileType = sourcecode.swift; path = ActionRequestHandler.swift; sourceTree = "<group>"; };
		F06D01831C11620800BD7784 /* Action.js */ = {isa = PBXFileReference; lastKnownFileType = sourcecode.javascript; path = Action.js; sourceTree = "<group>"; };
		F06D01851C11620800BD7784 /* Info.plist */ = {isa = PBXFileReference; lastKnownFileType = text.plist.xml; path = Info.plist; sourceTree = "<group>"; };
		F06D01901C11661100BD7784 /* ShareViewController.swift */ = {isa = PBXFileReference; fileEncoding = 4; lastKnownFileType = sourcecode.swift; name = ShareViewController.swift; path = ShareExtension/ShareViewController.swift; sourceTree = SOURCE_ROOT; };
		F06D01921C11661B00BD7784 /* Info.plist */ = {isa = PBXFileReference; fileEncoding = 4; lastKnownFileType = text.plist.xml; name = Info.plist; path = ShareExtension/Info.plist; sourceTree = SOURCE_ROOT; };
		F06D01941C11662400BD7784 /* ShareExtension.entitlements */ = {isa = PBXFileReference; fileEncoding = 4; lastKnownFileType = text.xml; name = ShareExtension.entitlements; path = ShareExtension/ShareExtension.entitlements; sourceTree = SOURCE_ROOT; };
		F06D01981C116FA200BD7784 /* Base */ = {isa = PBXFileReference; lastKnownFileType = file.storyboard; name = Base; path = ShareExtension/Base.lproj/MainInterface.storyboard; sourceTree = SOURCE_ROOT; };
		F06D019A1C11880600BD7784 /* ActionExtension.entitlements */ = {isa = PBXFileReference; lastKnownFileType = text.xml; path = ActionExtension.entitlements; sourceTree = "<group>"; };
		F0AE57091C10B71100AFDD24 /* ShareExtension.appex */ = {isa = PBXFileReference; explicitFileType = "wrapper.app-extension"; includeInIndex = 0; path = ShareExtension.appex; sourceTree = BUILT_PRODUCTS_DIR; };
		F0AE571C1C10BA2700AFDD24 /* OneChannelPoster.swift */ = {isa = PBXFileReference; fileEncoding = 4; lastKnownFileType = sourcecode.swift; name = OneChannelPoster.swift; path = ../OneChannel/OneChannelPoster.swift; sourceTree = "<group>"; };
		F0AE571E1C10BB9A00AFDD24 /* EnumsAndKeys.swift */ = {isa = PBXFileReference; fileEncoding = 4; lastKnownFileType = sourcecode.swift; name = EnumsAndKeys.swift; path = ../OneChannel/EnumsAndKeys.swift; sourceTree = "<group>"; };
		F0AE57251C10C14A00AFDD24 /* OneChannelKit.framework */ = {isa = PBXFileReference; explicitFileType = wrapper.framework; includeInIndex = 0; path = OneChannelKit.framework; sourceTree = BUILT_PRODUCTS_DIR; };
		F0AE57271C10C14A00AFDD24 /* OneChannelKit.h */ = {isa = PBXFileReference; lastKnownFileType = sourcecode.c.h; path = OneChannelKit.h; sourceTree = "<group>"; };
		F0AE57291C10C14A00AFDD24 /* Info.plist */ = {isa = PBXFileReference; lastKnownFileType = text.plist.xml; path = Info.plist; sourceTree = "<group>"; };
		F0AE57401C10F27B00AFDD24 /* OneChannel.entitlements */ = {isa = PBXFileReference; lastKnownFileType = text.xml; path = OneChannel.entitlements; sourceTree = "<group>"; };
		F0DAF15E1C3E4A9A0083964B /* release.md */ = {isa = PBXFileReference; fileEncoding = 4; lastKnownFileType = net.daringfireball.markdown; path = release.md; sourceTree = "<group>"; };
/* End PBXFileReference section */

/* Begin PBXFrameworksBuildPhase section */
		F02AC60D1BEB2B6800317436 /* Frameworks */ = {
			isa = PBXFrameworksBuildPhase;
			buildActionMask = 2147483647;
			files = (
				F04E905F1BEB58080095CC03 /* OAuthSwift.framework in Frameworks */,
				F02F376F1BED6A780087F7F5 /* Crashlytics.framework in Frameworks */,
				F02F37641BEC1E0B0087F7F5 /* Fabric.framework in Frameworks */,
				F0AE572C1C10C14A00AFDD24 /* OneChannelKit.framework in Frameworks */,
			);
			runOnlyForDeploymentPostprocessing = 0;
		};
		F06D017C1C11620800BD7784 /* Frameworks */ = {
			isa = PBXFrameworksBuildPhase;
			buildActionMask = 2147483647;
			files = (
				F0D800841C2B94D2003AEFE0 /* Crashlytics.framework in Frameworks */,
				F06D018F1C1164C300BD7784 /* OneChannelKit.framework in Frameworks */,
				F0D800881C2C5E78003AEFE0 /* Fabric.framework in Frameworks */,
			);
			runOnlyForDeploymentPostprocessing = 0;
		};
		F0AE57061C10B71100AFDD24 /* Frameworks */ = {
			isa = PBXFrameworksBuildPhase;
			buildActionMask = 2147483647;
			files = (
				F0AE573D1C10DEDC00AFDD24 /* OneChannelKit.framework in Frameworks */,
				F0D800831C2B94CE003AEFE0 /* Crashlytics.framework in Frameworks */,
				F0D800871C2C5E70003AEFE0 /* Fabric.framework in Frameworks */,
			);
			runOnlyForDeploymentPostprocessing = 0;
		};
		F0AE57211C10C14A00AFDD24 /* Frameworks */ = {
			isa = PBXFrameworksBuildPhase;
			buildActionMask = 2147483647;
			files = (
				F0D800851C2B95C4003AEFE0 /* Crashlytics.framework in Frameworks */,
				F0D800861C2C5E40003AEFE0 /* Fabric.framework in Frameworks */,
			);
			runOnlyForDeploymentPostprocessing = 0;
		};
/* End PBXFrameworksBuildPhase section */

/* Begin PBXGroup section */
		F02AC6071BEB2B6800317436 = {
			isa = PBXGroup;
			children = (
				F02AC6121BEB2B6800317436 /* OneChannel */,
				F0AE57261C10C14A00AFDD24 /* OneChannelKit */,
				F0AE570A1C10B71100AFDD24 /* ShareExtension */,
				F06D01801C11620800BD7784 /* ActionExtension */,
				F02F37651BEC1E1D0087F7F5 /* Vendor */,
				F02AC6111BEB2B6800317436 /* Products */,
			);
			sourceTree = "<group>";
		};
		F02AC6111BEB2B6800317436 /* Products */ = {
			isa = PBXGroup;
			children = (
				F02AC6101BEB2B6800317436 /* OneChannel.app */,
				F0AE57091C10B71100AFDD24 /* ShareExtension.appex */,
				F0AE57251C10C14A00AFDD24 /* OneChannelKit.framework */,
				F06D017F1C11620800BD7784 /* ActionExtension.appex */,
			);
			name = Products;
			sourceTree = "<group>";
		};
		F02AC6121BEB2B6800317436 /* OneChannel */ = {
			isa = PBXGroup;
			children = (
				F0AE57401C10F27B00AFDD24 /* OneChannel.entitlements */,
				F02AC6311BEB2C1400317436 /* Main.storyboard */,
				F02AC6251BEB2BB700317436 /* AppDelegate.swift */,
				F02AC62A1BEB2BB700317436 /* ViewController.swift */,
				F02AC6461BEB497B00317436 /* OauthViewController.swift */,
				F02AC6281BEB2BB700317436 /* UIColor+OneChannel.swift */,
				F02AC6291BEB2BB700317436 /* Utils.swift */,
				F04E90631BEB66130095CC03 /* Launch Screen.storyboard */,
				F02AC6261BEB2BB700317436 /* Assets.xcassets */,
				F02AC61F1BEB2B6800317436 /* Info.plist */,
				F0DAF15E1C3E4A9A0083964B /* release.md */,
			);
			path = OneChannel;
			sourceTree = "<group>";
		};
		F02F37651BEC1E1D0087F7F5 /* Vendor */ = {
			isa = PBXGroup;
			children = (
				F02F376E1BED6A780087F7F5 /* Crashlytics.framework */,
				F02F37631BEC1E0B0087F7F5 /* Fabric.framework */,
				F04E904D1BEB57E10095CC03 /* OAuthSwift.xcodeproj */,
			);
			name = Vendor;
			path = OneChannel;
			sourceTree = "<group>";
		};
		F04E904E1BEB57E10095CC03 /* Products */ = {
			isa = PBXGroup;
			children = (
				F04E90551BEB57E10095CC03 /* OAuthSwiftDemo.app */,
				F04E90571BEB57E10095CC03 /* OAuthSwift.framework */,
				F04E90591BEB57E10095CC03 /* OAuthSwiftOSXDemo.app */,
				F04E905B1BEB57E10095CC03 /* OAuthSwift.framework */,
			);
			name = Products;
			sourceTree = "<group>";
		};
		F06D01801C11620800BD7784 /* ActionExtension */ = {
			isa = PBXGroup;
			children = (
				F06D019A1C11880600BD7784 /* ActionExtension.entitlements */,
				F06D01811C11620800BD7784 /* ActionRequestHandler.swift */,
				F06D01831C11620800BD7784 /* Action.js */,
				F06D01851C11620800BD7784 /* Info.plist */,
				F02FFAD31C1206EB006E6B9F /* ActionExtension-Assets.xcassets */,
			);
			path = ActionExtension;
			sourceTree = "<group>";
		};
		F0AE570A1C10B71100AFDD24 /* ShareExtension */ = {
			isa = PBXGroup;
			children = (
				F06D01901C11661100BD7784 /* ShareViewController.swift */,
				F06D01941C11662400BD7784 /* ShareExtension.entitlements */,
				F06D01971C116FA200BD7784 /* MainInterface.storyboard */,
				F06D01921C11661B00BD7784 /* Info.plist */,
			);
			name = ShareExtension;
			path = LightningPost;
			sourceTree = "<group>";
		};
		F0AE57261C10C14A00AFDD24 /* OneChannelKit */ = {
			isa = PBXGroup;
			children = (
				F0AE571E1C10BB9A00AFDD24 /* EnumsAndKeys.swift */,
				F0AE571C1C10BA2700AFDD24 /* OneChannelPoster.swift */,
				F02AC6271BEB2BB700317436 /* Settings.swift */,
				F0AE57271C10C14A00AFDD24 /* OneChannelKit.h */,
				F0AE57291C10C14A00AFDD24 /* Info.plist */,
			);
			path = OneChannelKit;
			sourceTree = "<group>";
		};
/* End PBXGroup section */

/* Begin PBXHeadersBuildPhase section */
		F0AE57221C10C14A00AFDD24 /* Headers */ = {
			isa = PBXHeadersBuildPhase;
			buildActionMask = 2147483647;
			files = (
				F0AE57281C10C14A00AFDD24 /* OneChannelKit.h in Headers */,
			);
			runOnlyForDeploymentPostprocessing = 0;
		};
/* End PBXHeadersBuildPhase section */

/* Begin PBXNativeTarget section */
		F02AC60F1BEB2B6800317436 /* OneChannel */ = {
			isa = PBXNativeTarget;
			buildConfigurationList = F02AC6221BEB2B6800317436 /* Build configuration list for PBXNativeTarget "OneChannel" */;
			buildPhases = (
				F02AC60C1BEB2B6800317436 /* Sources */,
				F02AC60D1BEB2B6800317436 /* Frameworks */,
				F02AC60E1BEB2B6800317436 /* Resources */,
				F0321D1E1BEB563A0075F9A2 /* Embed Frameworks */,
				F06BB7851BEC16A200516B73 /* ShellScript */,
				F0AE571A1C10B71100AFDD24 /* Embed App Extensions */,
			);
			buildRules = (
			);
			dependencies = (
				F04E905D1BEB57F10095CC03 /* PBXTargetDependency */,
				F04E90621BEB58080095CC03 /* PBXTargetDependency */,
				F0AE57121C10B71100AFDD24 /* PBXTargetDependency */,
				F0AE572B1C10C14A00AFDD24 /* PBXTargetDependency */,
				F06D01871C11620800BD7784 /* PBXTargetDependency */,
			);
			name = OneChannel;
			productName = OneChannel;
			productReference = F02AC6101BEB2B6800317436 /* OneChannel.app */;
			productType = "com.apple.product-type.application";
		};
		F06D017E1C11620800BD7784 /* ActionExtension */ = {
			isa = PBXNativeTarget;
			buildConfigurationList = F06D018E1C11620800BD7784 /* Build configuration list for PBXNativeTarget "ActionExtension" */;
			buildPhases = (
				F06D017B1C11620800BD7784 /* Sources */,
				F06D017C1C11620800BD7784 /* Frameworks */,
				F06D017D1C11620800BD7784 /* Resources */,
			);
			buildRules = (
			);
			dependencies = (
			);
			name = ActionExtension;
			productName = ActionExtension;
			productReference = F06D017F1C11620800BD7784 /* ActionExtension.appex */;
			productType = "com.apple.product-type.app-extension";
		};
		F0AE57081C10B71100AFDD24 /* ShareExtension */ = {
			isa = PBXNativeTarget;
			buildConfigurationList = F0AE57191C10B71100AFDD24 /* Build configuration list for PBXNativeTarget "ShareExtension" */;
			buildPhases = (
				F0AE57051C10B71100AFDD24 /* Sources */,
				F0AE57061C10B71100AFDD24 /* Frameworks */,
				F0AE57071C10B71100AFDD24 /* Resources */,
			);
			buildRules = (
			);
			dependencies = (
			);
			name = ShareExtension;
			productName = LightningPost;
			productReference = F0AE57091C10B71100AFDD24 /* ShareExtension.appex */;
			productType = "com.apple.product-type.app-extension";
		};
		F0AE57241C10C14A00AFDD24 /* OneChannelKit */ = {
			isa = PBXNativeTarget;
			buildConfigurationList = F0AE572E1C10C14B00AFDD24 /* Build configuration list for PBXNativeTarget "OneChannelKit" */;
			buildPhases = (
				F0AE57201C10C14A00AFDD24 /* Sources */,
				F0AE57211C10C14A00AFDD24 /* Frameworks */,
				F0AE57221C10C14A00AFDD24 /* Headers */,
				F0AE57231C10C14A00AFDD24 /* Resources */,
			);
			buildRules = (
			);
			dependencies = (
			);
			name = OneChannelKit;
			productName = OneChannelKit;
			productReference = F0AE57251C10C14A00AFDD24 /* OneChannelKit.framework */;
			productType = "com.apple.product-type.framework";
		};
/* End PBXNativeTarget section */

/* Begin PBXProject section */
		F02AC6081BEB2B6800317436 /* Project object */ = {
			isa = PBXProject;
			attributes = {
				LastSwiftUpdateCheck = 0710;
				LastUpgradeCheck = 0710;
				ORGANIZATIONNAME = "Doug Williams";
				TargetAttributes = {
					F02AC60F1BEB2B6800317436 = {
						CreatedOnToolsVersion = 7.1;
						DevelopmentTeam = U8GX79JZMN;
						SystemCapabilities = {
							com.apple.ApplicationGroups.iOS = {
								enabled = 1;
							};
						};
					};
					F06D017E1C11620800BD7784 = {
						CreatedOnToolsVersion = 7.1.1;
						DevelopmentTeam = U8GX79JZMN;
						SystemCapabilities = {
							com.apple.ApplicationGroups.iOS = {
								enabled = 1;
							};
						};
					};
					F0AE57081C10B71100AFDD24 = {
						CreatedOnToolsVersion = 7.1.1;
						DevelopmentTeam = U8GX79JZMN;
						SystemCapabilities = {
							com.apple.ApplicationGroups.iOS = {
								enabled = 1;
							};
						};
					};
					F0AE57241C10C14A00AFDD24 = {
						CreatedOnToolsVersion = 7.1.1;
						DevelopmentTeam = U8GX79JZMN;
					};
				};
			};
			buildConfigurationList = F02AC60B1BEB2B6800317436 /* Build configuration list for PBXProject "OneChannel" */;
			compatibilityVersion = "Xcode 3.2";
			developmentRegion = English;
			hasScannedForEncodings = 0;
			knownRegions = (
				en,
				Base,
			);
			mainGroup = F02AC6071BEB2B6800317436;
			productRefGroup = F02AC6111BEB2B6800317436 /* Products */;
			projectDirPath = "";
			projectReferences = (
				{
					ProductGroup = F04E904E1BEB57E10095CC03 /* Products */;
					ProjectRef = F04E904D1BEB57E10095CC03 /* OAuthSwift.xcodeproj */;
				},
			);
			projectRoot = "";
			targets = (
				F02AC60F1BEB2B6800317436 /* OneChannel */,
				F0AE57081C10B71100AFDD24 /* ShareExtension */,
				F0AE57241C10C14A00AFDD24 /* OneChannelKit */,
				F06D017E1C11620800BD7784 /* ActionExtension */,
			);
		};
/* End PBXProject section */

/* Begin PBXReferenceProxy section */
		F04E90551BEB57E10095CC03 /* OAuthSwiftDemo.app */ = {
			isa = PBXReferenceProxy;
			fileType = wrapper.application;
			path = OAuthSwiftDemo.app;
			remoteRef = F04E90541BEB57E10095CC03 /* PBXContainerItemProxy */;
			sourceTree = BUILT_PRODUCTS_DIR;
		};
		F04E90571BEB57E10095CC03 /* OAuthSwift.framework */ = {
			isa = PBXReferenceProxy;
			fileType = wrapper.framework;
			path = OAuthSwift.framework;
			remoteRef = F04E90561BEB57E10095CC03 /* PBXContainerItemProxy */;
			sourceTree = BUILT_PRODUCTS_DIR;
		};
		F04E90591BEB57E10095CC03 /* OAuthSwiftOSXDemo.app */ = {
			isa = PBXReferenceProxy;
			fileType = wrapper.application;
			path = OAuthSwiftOSXDemo.app;
			remoteRef = F04E90581BEB57E10095CC03 /* PBXContainerItemProxy */;
			sourceTree = BUILT_PRODUCTS_DIR;
		};
		F04E905B1BEB57E10095CC03 /* OAuthSwift.framework */ = {
			isa = PBXReferenceProxy;
			fileType = wrapper.framework;
			path = OAuthSwift.framework;
			remoteRef = F04E905A1BEB57E10095CC03 /* PBXContainerItemProxy */;
			sourceTree = BUILT_PRODUCTS_DIR;
		};
/* End PBXReferenceProxy section */

/* Begin PBXResourcesBuildPhase section */
		F02AC60E1BEB2B6800317436 /* Resources */ = {
			isa = PBXResourcesBuildPhase;
			buildActionMask = 2147483647;
			files = (
				F04E90641BEB66130095CC03 /* Launch Screen.storyboard in Resources */,
				F02AC62C1BEB2BB700317436 /* Assets.xcassets in Resources */,
				F02AC6331BEB2C1400317436 /* Main.storyboard in Resources */,
			);
			runOnlyForDeploymentPostprocessing = 0;
		};
		F06D017D1C11620800BD7784 /* Resources */ = {
			isa = PBXResourcesBuildPhase;
			buildActionMask = 2147483647;
			files = (
				F02FFAD41C1206EB006E6B9F /* ActionExtension-Assets.xcassets in Resources */,
				F06D01841C11620800BD7784 /* Action.js in Resources */,
			);
			runOnlyForDeploymentPostprocessing = 0;
		};
		F0AE57071C10B71100AFDD24 /* Resources */ = {
			isa = PBXResourcesBuildPhase;
			buildActionMask = 2147483647;
			files = (
				F06D01951C11662400BD7784 /* ShareExtension.entitlements in Resources */,
				F06D01991C116FA200BD7784 /* MainInterface.storyboard in Resources */,
			);
			runOnlyForDeploymentPostprocessing = 0;
		};
		F0AE57231C10C14A00AFDD24 /* Resources */ = {
			isa = PBXResourcesBuildPhase;
			buildActionMask = 2147483647;
			files = (
			);
			runOnlyForDeploymentPostprocessing = 0;
		};
/* End PBXResourcesBuildPhase section */

/* Begin PBXShellScriptBuildPhase section */
		F06BB7851BEC16A200516B73 /* ShellScript */ = {
			isa = PBXShellScriptBuildPhase;
			buildActionMask = 2147483647;
			files = (
			);
			inputPaths = (
			);
			outputPaths = (
			);
			runOnlyForDeploymentPostprocessing = 0;
			shellPath = /bin/sh;
			shellScript = "./Vendor/Fabric.framework/run 8c2f01da8be6effdb16fa335bdfb2a8995f7b46a 67d111baf969f17348d69f10e55f7c635c3b6e71c851b45fa2cb73e1e25e12fe";
		};
/* End PBXShellScriptBuildPhase section */

/* Begin PBXSourcesBuildPhase section */
		F02AC60C1BEB2B6800317436 /* Sources */ = {
			isa = PBXSourcesBuildPhase;
			buildActionMask = 2147483647;
			files = (
				F0AE57411C10F46200AFDD24 /* Utils.swift in Sources */,
				F0AE573F1C10E37900AFDD24 /* UIColor+OneChannel.swift in Sources */,
				F02AC6301BEB2BB700317436 /* ViewController.swift in Sources */,
				F02AC62B1BEB2BB700317436 /* AppDelegate.swift in Sources */,
				F0DAF15F1C3E4A9A0083964B /* release.md in Sources */,
				F02AC6471BEB497B00317436 /* OauthViewController.swift in Sources */,
			);
			runOnlyForDeploymentPostprocessing = 0;
		};
		F06D017B1C11620800BD7784 /* Sources */ = {
			isa = PBXSourcesBuildPhase;
			buildActionMask = 2147483647;
			files = (
				F06D01821C11620800BD7784 /* ActionRequestHandler.swift in Sources */,
			);
			runOnlyForDeploymentPostprocessing = 0;
		};
		F0AE57051C10B71100AFDD24 /* Sources */ = {
			isa = PBXSourcesBuildPhase;
			buildActionMask = 2147483647;
			files = (
				F06D01911C11661100BD7784 /* ShareViewController.swift in Sources */,
			);
			runOnlyForDeploymentPostprocessing = 0;
		};
		F0AE57201C10C14A00AFDD24 /* Sources */ = {
			isa = PBXSourcesBuildPhase;
			buildActionMask = 2147483647;
			files = (
				F0AE57311C10C16D00AFDD24 /* EnumsAndKeys.swift in Sources */,
				F0AE57321C10C16D00AFDD24 /* OneChannelPoster.swift in Sources */,
				F0AE57331C10C16D00AFDD24 /* Settings.swift in Sources */,
			);
			runOnlyForDeploymentPostprocessing = 0;
		};
/* End PBXSourcesBuildPhase section */

/* Begin PBXTargetDependency section */
		F04E905D1BEB57F10095CC03 /* PBXTargetDependency */ = {
			isa = PBXTargetDependency;
			name = OAuthSwift;
			targetProxy = F04E905C1BEB57F10095CC03 /* PBXContainerItemProxy */;
		};
		F04E90621BEB58080095CC03 /* PBXTargetDependency */ = {
			isa = PBXTargetDependency;
			name = OAuthSwift;
			targetProxy = F04E90611BEB58080095CC03 /* PBXContainerItemProxy */;
		};
		F06D01871C11620800BD7784 /* PBXTargetDependency */ = {
			isa = PBXTargetDependency;
			target = F06D017E1C11620800BD7784 /* ActionExtension */;
			targetProxy = F06D01861C11620800BD7784 /* PBXContainerItemProxy */;
		};
		F0AE57121C10B71100AFDD24 /* PBXTargetDependency */ = {
			isa = PBXTargetDependency;
			target = F0AE57081C10B71100AFDD24 /* ShareExtension */;
			targetProxy = F0AE57111C10B71100AFDD24 /* PBXContainerItemProxy */;
		};
		F0AE572B1C10C14A00AFDD24 /* PBXTargetDependency */ = {
			isa = PBXTargetDependency;
			target = F0AE57241C10C14A00AFDD24 /* OneChannelKit */;
			targetProxy = F0AE572A1C10C14A00AFDD24 /* PBXContainerItemProxy */;
		};
/* End PBXTargetDependency section */

/* Begin PBXVariantGroup section */
		F02AC6311BEB2C1400317436 /* Main.storyboard */ = {
			isa = PBXVariantGroup;
			children = (
				F02AC6321BEB2C1400317436 /* Base */,
			);
			name = Main.storyboard;
			sourceTree = "<group>";
		};
		F06D01971C116FA200BD7784 /* MainInterface.storyboard */ = {
			isa = PBXVariantGroup;
			children = (
				F06D01981C116FA200BD7784 /* Base */,
			);
			name = MainInterface.storyboard;
			sourceTree = "<group>";
		};
/* End PBXVariantGroup section */

/* Begin XCBuildConfiguration section */
		F02AC6201BEB2B6800317436 /* Debug */ = {
			isa = XCBuildConfiguration;
			buildSettings = {
				ALWAYS_SEARCH_USER_PATHS = NO;
				CLANG_CXX_LANGUAGE_STANDARD = "gnu++0x";
				CLANG_CXX_LIBRARY = "libc++";
				CLANG_ENABLE_MODULES = YES;
				CLANG_ENABLE_OBJC_ARC = YES;
				CLANG_WARN_BOOL_CONVERSION = YES;
				CLANG_WARN_CONSTANT_CONVERSION = YES;
				CLANG_WARN_DIRECT_OBJC_ISA_USAGE = YES_ERROR;
				CLANG_WARN_EMPTY_BODY = YES;
				CLANG_WARN_ENUM_CONVERSION = YES;
				CLANG_WARN_INT_CONVERSION = YES;
				CLANG_WARN_OBJC_ROOT_CLASS = YES_ERROR;
				CLANG_WARN_UNREACHABLE_CODE = YES;
				CLANG_WARN__DUPLICATE_METHOD_MATCH = YES;
				"CODE_SIGN_IDENTITY[sdk=iphoneos*]" = "iPhone Developer";
				COPY_PHASE_STRIP = NO;
				DEBUG_INFORMATION_FORMAT = "dwarf-with-dsym";
				ENABLE_STRICT_OBJC_MSGSEND = YES;
				ENABLE_TESTABILITY = YES;
				GCC_C_LANGUAGE_STANDARD = gnu99;
				GCC_DYNAMIC_NO_PIC = NO;
				GCC_NO_COMMON_BLOCKS = YES;
				GCC_OPTIMIZATION_LEVEL = 0;
				GCC_PREPROCESSOR_DEFINITIONS = (
					"DEBUG=1",
					"$(inherited)",
				);
				GCC_WARN_64_TO_32_BIT_CONVERSION = YES;
				GCC_WARN_ABOUT_RETURN_TYPE = YES_ERROR;
				GCC_WARN_UNDECLARED_SELECTOR = YES;
				GCC_WARN_UNINITIALIZED_AUTOS = YES_AGGRESSIVE;
				GCC_WARN_UNUSED_FUNCTION = YES;
				GCC_WARN_UNUSED_VARIABLE = YES;
				IPHONEOS_DEPLOYMENT_TARGET = 8.0;
				MTL_ENABLE_DEBUG_INFO = YES;
				ONLY_ACTIVE_ARCH = YES;
				SDKROOT = iphoneos;
				SWIFT_OPTIMIZATION_LEVEL = "-Onone";
				TARGETED_DEVICE_FAMILY = "1,2";
			};
			name = Debug;
		};
		F02AC6211BEB2B6800317436 /* Release */ = {
			isa = XCBuildConfiguration;
			buildSettings = {
				ALWAYS_SEARCH_USER_PATHS = NO;
				CLANG_CXX_LANGUAGE_STANDARD = "gnu++0x";
				CLANG_CXX_LIBRARY = "libc++";
				CLANG_ENABLE_MODULES = YES;
				CLANG_ENABLE_OBJC_ARC = YES;
				CLANG_WARN_BOOL_CONVERSION = YES;
				CLANG_WARN_CONSTANT_CONVERSION = YES;
				CLANG_WARN_DIRECT_OBJC_ISA_USAGE = YES_ERROR;
				CLANG_WARN_EMPTY_BODY = YES;
				CLANG_WARN_ENUM_CONVERSION = YES;
				CLANG_WARN_INT_CONVERSION = YES;
				CLANG_WARN_OBJC_ROOT_CLASS = YES_ERROR;
				CLANG_WARN_UNREACHABLE_CODE = YES;
				CLANG_WARN__DUPLICATE_METHOD_MATCH = YES;
				"CODE_SIGN_IDENTITY[sdk=iphoneos*]" = "iPhone Developer";
				COPY_PHASE_STRIP = NO;
				DEBUG_INFORMATION_FORMAT = "dwarf-with-dsym";
				ENABLE_NS_ASSERTIONS = NO;
				ENABLE_STRICT_OBJC_MSGSEND = YES;
				GCC_C_LANGUAGE_STANDARD = gnu99;
				GCC_NO_COMMON_BLOCKS = YES;
				GCC_WARN_64_TO_32_BIT_CONVERSION = YES;
				GCC_WARN_ABOUT_RETURN_TYPE = YES_ERROR;
				GCC_WARN_UNDECLARED_SELECTOR = YES;
				GCC_WARN_UNINITIALIZED_AUTOS = YES_AGGRESSIVE;
				GCC_WARN_UNUSED_FUNCTION = YES;
				GCC_WARN_UNUSED_VARIABLE = YES;
				IPHONEOS_DEPLOYMENT_TARGET = 8.0;
				MTL_ENABLE_DEBUG_INFO = NO;
				SDKROOT = iphoneos;
				TARGETED_DEVICE_FAMILY = "1,2";
				VALIDATE_PRODUCT = YES;
			};
			name = Release;
		};
		F02AC6231BEB2B6800317436 /* Debug */ = {
			isa = XCBuildConfiguration;
			buildSettings = {
				ASSETCATALOG_COMPILER_APPICON_NAME = AppIcon;
				CLANG_ENABLE_MODULES = YES;
				CODE_SIGN_ENTITLEMENTS = OneChannel/OneChannel.entitlements;
				CODE_SIGN_IDENTITY = "iPhone Developer";
				"CODE_SIGN_IDENTITY[sdk=iphoneos*]" = "iPhone Developer";
				EMBEDDED_CONTENT_CONTAINS_SWIFT = YES;
				FRAMEWORK_SEARCH_PATHS = (
					"$(inherited)",
					"$(PROJECT_DIR)/OneChannel",
					"$(PROJECT_DIR)/OneChannel/OAuthSwift-0.4.6",
					"$(PROJECT_DIR)/Vendor",
				);
				INFOPLIST_FILE = OneChannel/Info.plist;
				IPHONEOS_DEPLOYMENT_TARGET = 8.0;
				LD_RUNPATH_SEARCH_PATHS = "$(inherited) @executable_path/Frameworks";
				PRODUCT_BUNDLE_IDENTIFIER = com.withcopper.OneChannel;
				PRODUCT_NAME = OneChannel;
				PROVISIONING_PROFILE = "";
				SWIFT_OPTIMIZATION_LEVEL = "-Onone";
			};
			name = Debug;
		};
		F02AC6241BEB2B6800317436 /* Release */ = {
			isa = XCBuildConfiguration;
			buildSettings = {
				ASSETCATALOG_COMPILER_APPICON_NAME = AppIcon;
				CLANG_ENABLE_MODULES = YES;
				CODE_SIGN_ENTITLEMENTS = OneChannel/OneChannel.entitlements;
				CODE_SIGN_IDENTITY = "iPhone Developer";
				"CODE_SIGN_IDENTITY[sdk=iphoneos*]" = "iPhone Developer";
				EMBEDDED_CONTENT_CONTAINS_SWIFT = YES;
				FRAMEWORK_SEARCH_PATHS = (
					"$(inherited)",
					"$(PROJECT_DIR)/OneChannel",
					"$(PROJECT_DIR)/OneChannel/OAuthSwift-0.4.6",
					"$(PROJECT_DIR)/Vendor",
				);
				INFOPLIST_FILE = OneChannel/Info.plist;
				IPHONEOS_DEPLOYMENT_TARGET = 8.0;
				LD_RUNPATH_SEARCH_PATHS = "$(inherited) @executable_path/Frameworks";
				PRODUCT_BUNDLE_IDENTIFIER = com.withcopper.OneChannel;
				PRODUCT_NAME = OneChannel;
				PROVISIONING_PROFILE = "";
			};
			name = Release;
		};
		F06D01891C11620800BD7784 /* Debug */ = {
			isa = XCBuildConfiguration;
			buildSettings = {
				ASSETCATALOG_COMPILER_APPICON_NAME = "ActionExtension-AppIcon-Templated";
				ASSETCATALOG_COMPILER_LAUNCHIMAGE_NAME = "Brand Assets";
				CODE_SIGN_ENTITLEMENTS = ActionExtension/ActionExtension.entitlements;
				CODE_SIGN_IDENTITY = "iPhone Developer";
				"CODE_SIGN_IDENTITY[sdk=iphoneos*]" = "iPhone Developer";
				FRAMEWORK_SEARCH_PATHS = (
					"$(inherited)",
					"$(PROJECT_DIR)/Vendor",
					"$(PROJECT_DIR)/OneChannel/OAuthSwift-0.4.6",
				);
				INFOPLIST_FILE = ActionExtension/Info.plist;
				IPHONEOS_DEPLOYMENT_TARGET = 8.0;
				LD_RUNPATH_SEARCH_PATHS = "$(inherited) @executable_path/Frameworks @executable_path/../../Frameworks";
				PRODUCT_BUNDLE_IDENTIFIER = com.withcopper.OneChannel.ActionExtension;
				PRODUCT_NAME = "$(TARGET_NAME)";
				PROVISIONING_PROFILE = "";
				SKIP_INSTALL = YES;
			};
			name = Debug;
		};
		F06D018A1C11620800BD7784 /* Release */ = {
			isa = XCBuildConfiguration;
			buildSettings = {
				ASSETCATALOG_COMPILER_APPICON_NAME = "ActionExtension-AppIcon-Templated";
				ASSETCATALOG_COMPILER_LAUNCHIMAGE_NAME = "Brand Assets";
				CODE_SIGN_ENTITLEMENTS = ActionExtension/ActionExtension.entitlements;
				CODE_SIGN_IDENTITY = "iPhone Developer";
				"CODE_SIGN_IDENTITY[sdk=iphoneos*]" = "iPhone Developer";
				FRAMEWORK_SEARCH_PATHS = (
					"$(inherited)",
					"$(PROJECT_DIR)/Vendor",
					"$(PROJECT_DIR)/OneChannel/OAuthSwift-0.4.6",
				);
				INFOPLIST_FILE = ActionExtension/Info.plist;
				IPHONEOS_DEPLOYMENT_TARGET = 8.0;
				LD_RUNPATH_SEARCH_PATHS = "$(inherited) @executable_path/Frameworks @executable_path/../../Frameworks";
				PRODUCT_BUNDLE_IDENTIFIER = com.withcopper.OneChannel.ActionExtension;
				PRODUCT_NAME = "$(TARGET_NAME)";
				PROVISIONING_PROFILE = "";
				SKIP_INSTALL = YES;
			};
			name = Release;
		};
		F0AE57141C10B71100AFDD24 /* Debug */ = {
			isa = XCBuildConfiguration;
			buildSettings = {
				ASSETCATALOG_COMPILER_APPICON_NAME = AppIcon;
				ASSETCATALOG_COMPILER_LAUNCHIMAGE_NAME = LaunchImage;
				CODE_SIGN_ENTITLEMENTS = ShareExtension/ShareExtension.entitlements;
				CODE_SIGN_IDENTITY = "iPhone Developer";
				"CODE_SIGN_IDENTITY[sdk=iphoneos*]" = "iPhone Developer";
				FRAMEWORK_SEARCH_PATHS = (
					"$(inherited)",
					"$(PROJECT_DIR)/Vendor",
					"$(PROJECT_DIR)/OneChannel/OAuthSwift-0.4.6",
				);
				INFOPLIST_FILE = ShareExtension/Info.plist;
				LD_RUNPATH_SEARCH_PATHS = "$(inherited) @executable_path/Frameworks @executable_path/../../Frameworks";
				PRODUCT_BUNDLE_IDENTIFIER = com.withcopper.OneChannel.ShareExtension;
				PRODUCT_NAME = "$(TARGET_NAME)";
				PROVISIONING_PROFILE = "";
				SKIP_INSTALL = YES;
			};
			name = Debug;
		};
		F0AE57151C10B71100AFDD24 /* Release */ = {
			isa = XCBuildConfiguration;
			buildSettings = {
				ASSETCATALOG_COMPILER_APPICON_NAME = AppIcon;
				ASSETCATALOG_COMPILER_LAUNCHIMAGE_NAME = LaunchImage;
				CODE_SIGN_ENTITLEMENTS = ShareExtension/ShareExtension.entitlements;
				CODE_SIGN_IDENTITY = "iPhone Developer";
				"CODE_SIGN_IDENTITY[sdk=iphoneos*]" = "iPhone Developer";
				FRAMEWORK_SEARCH_PATHS = (
					"$(inherited)",
					"$(PROJECT_DIR)/Vendor",
					"$(PROJECT_DIR)/OneChannel/OAuthSwift-0.4.6",
				);
				INFOPLIST_FILE = ShareExtension/Info.plist;
				LD_RUNPATH_SEARCH_PATHS = "$(inherited) @executable_path/Frameworks @executable_path/../../Frameworks";
				PRODUCT_BUNDLE_IDENTIFIER = com.withcopper.OneChannel.ShareExtension;
				PRODUCT_NAME = "$(TARGET_NAME)";
				PROVISIONING_PROFILE = "";
				SKIP_INSTALL = YES;
			};
			name = Release;
		};
		F0AE572F1C10C14B00AFDD24 /* Debug */ = {
			isa = XCBuildConfiguration;
			buildSettings = {
				APPLICATION_EXTENSION_API_ONLY = YES;
				CODE_SIGN_IDENTITY = "iPhone Distribution: Copper Technologies, Inc. (U8GX79JZMN)";
				"CODE_SIGN_IDENTITY[sdk=iphoneos*]" = "iPhone Distribution: Copper Technologies, Inc. (U8GX79JZMN)";
				CURRENT_PROJECT_VERSION = 1;
				DEFINES_MODULE = YES;
				DYLIB_COMPATIBILITY_VERSION = 1;
				DYLIB_CURRENT_VERSION = 1;
				DYLIB_INSTALL_NAME_BASE = "@rpath";
				FRAMEWORK_SEARCH_PATHS = (
					"$(inherited)",
					"$(PROJECT_DIR)/Vendor",
					"$(PROJECT_DIR)/OneChannel/OAuthSwift-0.4.6",
				);
				INFOPLIST_FILE = OneChannelKit/Info.plist;
				INSTALL_PATH = "$(LOCAL_LIBRARY_DIR)/Frameworks";
				LD_RUNPATH_SEARCH_PATHS = "$(inherited) @executable_path/Frameworks @loader_path/Frameworks";
				PRODUCT_BUNDLE_IDENTIFIER = com.igudo.ToFromMe.OneChannelKit;
				PRODUCT_NAME = "$(TARGET_NAME)";
				PROVISIONING_PROFILE = "";
				SKIP_INSTALL = YES;
				VERSIONING_SYSTEM = "apple-generic";
				VERSION_INFO_PREFIX = "";
			};
			name = Debug;
		};
		F0AE57301C10C14B00AFDD24 /* Release */ = {
			isa = XCBuildConfiguration;
			buildSettings = {
				APPLICATION_EXTENSION_API_ONLY = YES;
				CODE_SIGN_IDENTITY = "iPhone Distribution: Copper Technologies, Inc. (U8GX79JZMN)";
				"CODE_SIGN_IDENTITY[sdk=iphoneos*]" = "iPhone Distribution: Copper Technologies, Inc. (U8GX79JZMN)";
				CURRENT_PROJECT_VERSION = 1;
				DEFINES_MODULE = YES;
				DYLIB_COMPATIBILITY_VERSION = 1;
				DYLIB_CURRENT_VERSION = 1;
				DYLIB_INSTALL_NAME_BASE = "@rpath";
				FRAMEWORK_SEARCH_PATHS = (
					"$(inherited)",
					"$(PROJECT_DIR)/Vendor",
					"$(PROJECT_DIR)/OneChannel/OAuthSwift-0.4.6",
				);
				INFOPLIST_FILE = OneChannelKit/Info.plist;
				INSTALL_PATH = "$(LOCAL_LIBRARY_DIR)/Frameworks";
				LD_RUNPATH_SEARCH_PATHS = "$(inherited) @executable_path/Frameworks @loader_path/Frameworks";
				PRODUCT_BUNDLE_IDENTIFIER = com.igudo.ToFromMe.OneChannelKit;
				PRODUCT_NAME = "$(TARGET_NAME)";
				PROVISIONING_PROFILE = "";
				SKIP_INSTALL = YES;
				VERSIONING_SYSTEM = "apple-generic";
				VERSION_INFO_PREFIX = "";
			};
			name = Release;
		};
/* End XCBuildConfiguration section */

/* Begin XCConfigurationList section */
		F02AC60B1BEB2B6800317436 /* Build configuration list for PBXProject "OneChannel" */ = {
			isa = XCConfigurationList;
			buildConfigurations = (
				F02AC6201BEB2B6800317436 /* Debug */,
				F02AC6211BEB2B6800317436 /* Release */,
			);
			defaultConfigurationIsVisible = 0;
			defaultConfigurationName = Release;
		};
		F02AC6221BEB2B6800317436 /* Build configuration list for PBXNativeTarget "OneChannel" */ = {
			isa = XCConfigurationList;
			buildConfigurations = (
				F02AC6231BEB2B6800317436 /* Debug */,
				F02AC6241BEB2B6800317436 /* Release */,
			);
			defaultConfigurationIsVisible = 0;
			defaultConfigurationName = Release;
		};
		F06D018E1C11620800BD7784 /* Build configuration list for PBXNativeTarget "ActionExtension" */ = {
			isa = XCConfigurationList;
			buildConfigurations = (
				F06D01891C11620800BD7784 /* Debug */,
				F06D018A1C11620800BD7784 /* Release */,
			);
			defaultConfigurationIsVisible = 0;
			defaultConfigurationName = Release;
		};
		F0AE57191C10B71100AFDD24 /* Build configuration list for PBXNativeTarget "ShareExtension" */ = {
			isa = XCConfigurationList;
			buildConfigurations = (
				F0AE57141C10B71100AFDD24 /* Debug */,
				F0AE57151C10B71100AFDD24 /* Release */,
			);
			defaultConfigurationIsVisible = 0;
			defaultConfigurationName = Release;
		};
		F0AE572E1C10C14B00AFDD24 /* Build configuration list for PBXNativeTarget "OneChannelKit" */ = {
			isa = XCConfigurationList;
			buildConfigurations = (
				F0AE572F1C10C14B00AFDD24 /* Debug */,
				F0AE57301C10C14B00AFDD24 /* Release */,
			);
			defaultConfigurationIsVisible = 0;
			defaultConfigurationName = Release;
		};
/* End XCConfigurationList section */
	};
	rootObject = F02AC6081BEB2B6800317436 /* Project object */;
}
